
Microsoft Visual Studio Solution File, Format Version 12.00
# Visual Studio Version 16
VisualStudioVersion = 16.0.33130.400
MinimumVisualStudioVersion = 10.0.40219.1
Project("{8BC9CEB8-8B4A-11D0-8D11-00A0C91BC942}") = "SumaPromedio", "SumaPromedio\SumaPromedio.vcxproj", "{BAD6833A-02D2-41BF-AECC-B0A658BA8225}"
EndProject
Global
	GlobalSection(SolutionConfigurationPlatforms) = preSolution
		Debug|x64 = Debug|x64
		Debug|x86 = Debug|x86
		Release|x64 = Release|x64
		Release|x86 = Release|x86
	EndGlobalSection
	GlobalSection(ProjectConfigurationPlatforms) = postSolution
		{BAD6833A-02D2-41BF-AECC-B0A658BA8225}.Debug|x64.ActiveCfg = Debug|x64
		{BAD6833A-02D2-41BF-AECC-B0A658BA8225}.Debug|x64.Build.0 = Debug|x64
		{BAD6833A-02D2-41BF-AECC-B0A658BA8225}.Debug|x86.ActiveCfg = Debug|Win32
		{BAD6833A-02D2-41BF-AECC-B0A658BA8225}.Debug|x86.Build.0 = Debug|Win32
		{BAD6833A-02D2-41BF-AECC-B0A658BA8225}.Release|x64.ActiveCfg = Release|x64
		{BAD6833A-02D2-41BF-AECC-B0A658BA8225}.Release|x64.Build.0 = Release|x64
		{BAD6833A-02D2-41BF-AECC-B0A658BA8225}.Release|x86.ActiveCfg = Release|Win32
		{BAD6833A-02D2-41BF-AECC-B0A658BA8225}.Release|x86.Build.0 = Release|Win32
	EndGlobalSection
	GlobalSection(SolutionProperties) = preSolution
		HideSolutionNode = FALSE
	EndGlobalSection
	GlobalSection(ExtensibilityGlobals) = postSolution
		SolutionGuid = {639245F5-7A13-4D3A-9C79-FB209114CF84}
	EndGlobalSection
EndGlobal
