
Microsoft Visual Studio Solution File, Format Version 12.00
# Visual Studio Version 16
VisualStudioVersion = 16.0.33130.400
MinimumVisualStudioVersion = 10.0.40219.1
Project("{8BC9CEB8-8B4A-11D0-8D11-00A0C91BC942}") = "ArticulosComprados", "ArticulosComprados\ArticulosComprados.vcxproj", "{776A0161-ECA7-4DE5-9861-FB190648B918}"
EndProject
Global
	GlobalSection(SolutionConfigurationPlatforms) = preSolution
		Debug|x64 = Debug|x64
		Debug|x86 = Debug|x86
		Release|x64 = Release|x64
		Release|x86 = Release|x86
	EndGlobalSection
	GlobalSection(ProjectConfigurationPlatforms) = postSolution
		{776A0161-ECA7-4DE5-9861-FB190648B918}.Debug|x64.ActiveCfg = Debug|x64
		{776A0161-ECA7-4DE5-9861-FB190648B918}.Debug|x64.Build.0 = Debug|x64
		{776A0161-ECA7-4DE5-9861-FB190648B918}.Debug|x86.ActiveCfg = Debug|Win32
		{776A0161-ECA7-4DE5-9861-FB190648B918}.Debug|x86.Build.0 = Debug|Win32
		{776A0161-ECA7-4DE5-9861-FB190648B918}.Release|x64.ActiveCfg = Release|x64
		{776A0161-ECA7-4DE5-9861-FB190648B918}.Release|x64.Build.0 = Release|x64
		{776A0161-ECA7-4DE5-9861-FB190648B918}.Release|x86.ActiveCfg = Release|Win32
		{776A0161-ECA7-4DE5-9861-FB190648B918}.Release|x86.Build.0 = Release|Win32
	EndGlobalSection
	GlobalSection(SolutionProperties) = preSolution
		HideSolutionNode = FALSE
	EndGlobalSection
	GlobalSection(ExtensibilityGlobals) = postSolution
		SolutionGuid = {F59365FC-F9FA-4D21-BE89-01E3403604ED}
	EndGlobalSection
EndGlobal
